<?xml version="1.0" encoding="utf-8"?>
<Project ToolsVersion="4.0" xmlns="http://schemas.microsoft.com/developer/msbuild/2003">
  <ItemGroup>
    <Filter Include="Source Files">
      <UniqueIdentifier>{4FC737F1-C7A5-4376-A066-2A32D752A2FF}</UniqueIdentifier>
      <Extensions>cpp;c;cc;cxx;def;odl;idl;hpj;bat;asm;asmx</Extensions>
    </Filter>
    <Filter Include="Header Files">
      <UniqueIdentifier>{93995380-89BD-4b04-88EB-625FBE52EBFB}</UniqueIdentifier>
      <Extensions>h;hpp;hxx;hm;inl;inc;xsd</Extensions>
    </Filter>
    <Filter Include="Resource Files">
      <UniqueIdentifier>{67DA6AB6-F800-4c08-8B7A-83BB121AAD01}</UniqueIdentifier>
      <Extensions>rc;ico;cur;bmp;dlg;rc2;rct;bin;rgs;gif;jpg;jpeg;jpe;resx;tiff;tif;png;wav</Extensions>
    </Filter>
    <Filter Include="Header Files\pluginsdk">
      <UniqueIdentifier>{a05d1021-30b7-4f10-9710-95993efcdc5a}</UniqueIdentifier>
    </Filter>
    <Filter Include="Header Files\pluginsdk\yara">
      <UniqueIdentifier>{88a328b6-0e41-465d-bdad-19682e94b0de}</UniqueIdentifier>
    </Filter>
    <Filter Include="Header Files\pluginsdk\yara\yara">
      <UniqueIdentifier>{9b13e4ef-e649-4f03-86b4-fa431ad3eb15}</UniqueIdentifier>
    </Filter>
    <Filter Include="Header Files\pluginsdk\XEDParse">
      <UniqueIdentifier>{5095b3d4-5f69-4d25-8b74-148726692bc6}</UniqueIdentifier>
    </Filter>
    <Filter Include="Header Files\pluginsdk\TitanEngine">
      <UniqueIdentifier>{94db5cc1-7568-4716-a294-8d901a8d5109}</UniqueIdentifier>
    </Filter>
    <Filter Include="Header Files\pluginsdk\lz4">
      <UniqueIdentifier>{5b7876d5-1d9e-4d5b-a647-dde728941cbe}</UniqueIdentifier>
    </Filter>
    <Filter Include="Header Files\pluginsdk\jansson">
      <UniqueIdentifier>{1d92d67f-08e5-4062-b57c-1bd99a4e7792}</UniqueIdentifier>
    </Filter>
    <Filter Include="Header Files\pluginsdk\DeviceNameResolver">
      <UniqueIdentifier>{817ba704-bc45-4d43-8c89-39bc7644c884}</UniqueIdentifier>
    </Filter>
    <Filter Include="Header Files\pluginsdk\dbghelp">
      <UniqueIdentifier>{4cc5423a-c958-48ef-a77b-32fdcf3af653}</UniqueIdentifier>
    </Filter>
    <Filter Include="Header Files\pluginsdk\capstone">
      <UniqueIdentifier>{eb803e58-8de8-471c-a27a-cdfbe1eae5f9}</UniqueIdentifier>
    </Filter>
  </ItemGroup>
  <ItemGroup>
    <ClCompile Include="pluginmain.cpp">
      <Filter>Source Files</Filter>
    </ClCompile>
    <ClCompile Include="py.cpp">
      <Filter>Source Files</Filter>
    </ClCompile>
    <ClCompile Include="stringutils.cpp">
      <Filter>Source Files</Filter>
    </ClCompile>
  </ItemGroup>
  <ItemGroup>
    <ClInclude Include="pluginmain.h">
      <Filter>Header Files</Filter>
    </ClInclude>
    <ClInclude Include="py.h">
      <Filter>Header Files</Filter>
    </ClInclude>
    <ClInclude Include="pluginsdk\_scriptapi_memory.h">
      <Filter>Header Files\pluginsdk</Filter>
    </ClInclude>
    <ClInclude Include="pluginsdk\_scriptapi_gui.h">
      <Filter>Header Files\pluginsdk</Filter>
    </ClInclude>
    <ClInclude Include="pluginsdk\_scriptapi_debug.h">
      <Filter>Header Files\pluginsdk</Filter>
    </ClInclude>
    <ClInclude Include="pluginsdk\_scriptapi.h">
      <Filter>Header Files\pluginsdk</Filter>
    </ClInclude>
    <ClInclude Include="pluginsdk\_plugins.h">
      <Filter>Header Files\pluginsdk</Filter>
    </ClInclude>
    <ClInclude Include="pluginsdk\_plugin_types.h">
      <Filter>Header Files\pluginsdk</Filter>
    </ClInclude>
    <ClInclude Include="pluginsdk\_dbgfunctions.h">
      <Filter>Header Files\pluginsdk</Filter>
    </ClInclude>
    <ClInclude Include="pluginsdk\bridgemain.h">
      <Filter>Header Files\pluginsdk</Filter>
    </ClInclude>
    <ClInclude Include="pluginsdk\_scriptapi_register.h">
      <Filter>Header Files\pluginsdk</Filter>
    </ClInclude>
    <ClInclude Include="pluginsdk\_scriptapi_pattern.h">
      <Filter>Header Files\pluginsdk</Filter>
    </ClInclude>
    <ClInclude Include="pluginsdk\_scriptapi_module.h">
      <Filter>Header Files\pluginsdk</Filter>
    </ClInclude>
    <ClInclude Include="pluginsdk\yara\yara.h">
      <Filter>Header Files\pluginsdk\yara</Filter>
    </ClInclude>
    <ClInclude Include="pluginsdk\yara\yara\hash.h">
      <Filter>Header Files\pluginsdk\yara\yara</Filter>
    </ClInclude>
    <ClInclude Include="pluginsdk\yara\yara\hex_lexer.h">
      <Filter>Header Files\pluginsdk\yara\yara</Filter>
    </ClInclude>
    <ClInclude Include="pluginsdk\yara\yara\lexer.h">
      <Filter>Header Files\pluginsdk\yara\yara</Filter>
    </ClInclude>
    <ClInclude Include="pluginsdk\yara\yara\libyara.h">
      <Filter>Header Files\pluginsdk\yara\yara</Filter>
    </ClInclude>
    <ClInclude Include="pluginsdk\yara\yara\limits.h">
      <Filter>Header Files\pluginsdk\yara\yara</Filter>
    </ClInclude>
    <ClInclude Include="pluginsdk\yara\yara\mem.h">
      <Filter>Header Files\pluginsdk\yara\yara</Filter>
    </ClInclude>
    <ClInclude Include="pluginsdk\yara\yara\modules.h">
      <Filter>Header Files\pluginsdk\yara\yara</Filter>
    </ClInclude>
    <ClInclude Include="pluginsdk\yara\yara\object.h">
      <Filter>Header Files\pluginsdk\yara\yara</Filter>
    </ClInclude>
    <ClInclude Include="pluginsdk\yara\yara\parser.h">
      <Filter>Header Files\pluginsdk\yara\yara</Filter>
    </ClInclude>
    <ClInclude Include="pluginsdk\yara\yara\pe.h">
      <Filter>Header Files\pluginsdk\yara\yara</Filter>
    </ClInclude>
    <ClInclude Include="pluginsdk\yara\yara\proc.h">
      <Filter>Header Files\pluginsdk\yara\yara</Filter>
    </ClInclude>
    <ClInclude Include="pluginsdk\yara\yara\re.h">
      <Filter>Header Files\pluginsdk\yara\yara</Filter>
    </ClInclude>
    <ClInclude Include="pluginsdk\yara\yara\re_lexer.h">
      <Filter>Header Files\pluginsdk\yara\yara</Filter>
    </ClInclude>
    <ClInclude Include="pluginsdk\yara\yara\rules.h">
      <Filter>Header Files\pluginsdk\yara\yara</Filter>
    </ClInclude>
    <ClInclude Include="pluginsdk\yara\yara\scan.h">
      <Filter>Header Files\pluginsdk\yara\yara</Filter>
    </ClInclude>
    <ClInclude Include="pluginsdk\yara\yara\sizedstr.h">
      <Filter>Header Files\pluginsdk\yara\yara</Filter>
    </ClInclude>
    <ClInclude Include="pluginsdk\yara\yara\strutils.h">
      <Filter>Header Files\pluginsdk\yara\yara</Filter>
    </ClInclude>
    <ClInclude Include="pluginsdk\yara\yara\types.h">
      <Filter>Header Files\pluginsdk\yara\yara</Filter>
    </ClInclude>
    <ClInclude Include="pluginsdk\yara\yara\utils.h">
      <Filter>Header Files\pluginsdk\yara\yara</Filter>
    </ClInclude>
    <ClInclude Include="pluginsdk\yara\yara\ahocorasick.h">
      <Filter>Header Files\pluginsdk\yara\yara</Filter>
    </ClInclude>
    <ClInclude Include="pluginsdk\yara\yara\arena.h">
      <Filter>Header Files\pluginsdk\yara\yara</Filter>
    </ClInclude>
    <ClInclude Include="pluginsdk\yara\yara\atoms.h">
      <Filter>Header Files\pluginsdk\yara\yara</Filter>
    </ClInclude>
    <ClInclude Include="pluginsdk\yara\yara\compiler.h">
      <Filter>Header Files\pluginsdk\yara\yara</Filter>
    </ClInclude>
    <ClInclude Include="pluginsdk\yara\yara\elf.h">
      <Filter>Header Files\pluginsdk\yara\yara</Filter>
    </ClInclude>
    <ClInclude Include="pluginsdk\yara\yara\error.h">
      <Filter>Header Files\pluginsdk\yara\yara</Filter>
    </ClInclude>
    <ClInclude Include="pluginsdk\yara\yara\exec.h">
      <Filter>Header Files\pluginsdk\yara\yara</Filter>
    </ClInclude>
    <ClInclude Include="pluginsdk\yara\yara\exefiles.h">
      <Filter>Header Files\pluginsdk\yara\yara</Filter>
    </ClInclude>
    <ClInclude Include="pluginsdk\yara\yara\filemap.h">
      <Filter>Header Files\pluginsdk\yara\yara</Filter>
    </ClInclude>
    <ClInclude Include="pluginsdk\yara\yara\globals.h">
      <Filter>Header Files\pluginsdk\yara\yara</Filter>
    </ClInclude>
    <ClInclude Include="pluginsdk\XEDParse\XEDParse.h">
      <Filter>Header Files\pluginsdk\XEDParse</Filter>
    </ClInclude>
    <ClInclude Include="pluginsdk\TitanEngine\TitanEngine.h">
      <Filter>Header Files\pluginsdk\TitanEngine</Filter>
    </ClInclude>
    <ClInclude Include="pluginsdk\lz4\lz4hc.h">
      <Filter>Header Files\pluginsdk\lz4</Filter>
    </ClInclude>
    <ClInclude Include="pluginsdk\lz4\lz4.h">
      <Filter>Header Files\pluginsdk\lz4</Filter>
    </ClInclude>
    <ClInclude Include="pluginsdk\lz4\lz4file.h">
      <Filter>Header Files\pluginsdk\lz4</Filter>
    </ClInclude>
    <ClInclude Include="pluginsdk\jansson\jansson_config.h">
      <Filter>Header Files\pluginsdk\jansson</Filter>
    </ClInclude>
    <ClInclude Include="pluginsdk\jansson\jansson_x64dbg.h">
      <Filter>Header Files\pluginsdk\jansson</Filter>
    </ClInclude>
    <ClInclude Include="pluginsdk\jansson\jansson.h">
      <Filter>Header Files\pluginsdk\jansson</Filter>
    </ClInclude>
    <ClInclude Include="pluginsdk\DeviceNameResolver\DeviceNameResolver.h">
      <Filter>Header Files\pluginsdk\DeviceNameResolver</Filter>
    </ClInclude>
    <ClInclude Include="pluginsdk\dbghelp\dbghelp.h">
      <Filter>Header Files\pluginsdk\dbghelp</Filter>
    </ClInclude>
    <ClInclude Include="pluginsdk\capstone\mips.h">
      <Filter>Header Files\pluginsdk\capstone</Filter>
    </ClInclude>
    <ClInclude Include="pluginsdk\capstone\capstone.h">
      <Filter>Header Files\pluginsdk\capstone</Filter>
    </ClInclude>
    <ClInclude Include="pluginsdk\capstone\arm64.h">
      <Filter>Header Files\pluginsdk\capstone</Filter>
    </ClInclude>
    <ClInclude Include="pluginsdk\capstone\arm.h">
      <Filter>Header Files\pluginsdk\capstone</Filter>
    </ClInclude>
    <ClInclude Include="pluginsdk\capstone\xcore.h">
      <Filter>Header Files\pluginsdk\capstone</Filter>
    </ClInclude>
    <ClInclude Include="pluginsdk\capstone\x86.h">
      <Filter>Header Files\pluginsdk\capstone</Filter>
    </ClInclude>
    <ClInclude Include="pluginsdk\capstone\systemz.h">
      <Filter>Header Files\pluginsdk\capstone</Filter>
    </ClInclude>
    <ClInclude Include="pluginsdk\capstone\sparc.h">
      <Filter>Header Files\pluginsdk\capstone</Filter>
    </ClInclude>
    <ClInclude Include="pluginsdk\capstone\ppc.h">
      <Filter>Header Files\pluginsdk\capstone</Filter>
    </ClInclude>
    <ClInclude Include="pluginsdk\capstone\platform.h">
      <Filter>Header Files\pluginsdk\capstone</Filter>
    </ClInclude>
    <ClInclude Include="stringutils.h">
      <Filter>Header Files</Filter>
    </ClInclude>
  </ItemGroup>
</Project>